
Microsoft Visual Studio Solution File, Format Version 12.00
# Visual Studio Version 17
VisualStudioVersion = 17.11.35312.102
MinimumVisualStudioVersion = 10.0.40219.1
Project("{FAE04EC0-301F-11D3-BF4B-00C04F79EFBC}") = "TabularDatabaseApi", "TabularDatabaseApi\TabularDatabaseApi.csproj", "{C364D06B-3E4F-4637-A5D8-9A4C49A86795}"
EndProject
Global
	GlobalSection(SolutionConfigurationPlatforms) = preSolution
		Debug|Any CPU = Debug|Any CPU
		Release|Any CPU = Release|Any CPU
	EndGlobalSection
	GlobalSection(ProjectConfigurationPlatforms) = postSolution
		{C364D06B-3E4F-4637-A5D8-9A4C49A86795}.Debug|Any CPU.ActiveCfg = Debug|Any CPU
		{C364D06B-3E4F-4637-A5D8-9A4C49A86795}.Debug|Any CPU.Build.0 = Debug|Any CPU
		{C364D06B-3E4F-4637-A5D8-9A4C49A86795}.Release|Any CPU.ActiveCfg = Release|Any CPU
		{C364D06B-3E4F-4637-A5D8-9A4C49A86795}.Release|Any CPU.Build.0 = Release|Any CPU
	EndGlobalSection
	GlobalSection(SolutionProperties) = preSolution
		HideSolutionNode = FALSE
	EndGlobalSection
	GlobalSection(ExtensibilityGlobals) = postSolution
		SolutionGuid = {C80BB3AA-C76F-482B-B1E4-19489C2D4300}
	EndGlobalSection
EndGlobal
